
Microsoft Visual Studio Solution File, Format Version 12.00
# Visual Studio Version 16
VisualStudioVersion = 16.0.29215.179
MinimumVisualStudioVersion = 10.0.40219.1
Project("{9A19103F-16F7-4668-BE54-9A1E7A4F7556}") = "Horker.Numerics", "Horker.Numerics\Horker.Numerics.csproj", "{96CEC536-B6AA-4DA1-AE67-863B0987BAE0}"
EndProject
Project("{9A19103F-16F7-4668-BE54-9A1E7A4F7556}") = "Horker.Numerics.PowerShell", "Horker.Numerics.PowerShell\Horker.Numerics.PowerShell.csproj", "{3F59B2A6-BB3D-4E71-80B2-4BFD6A585C61}"
EndProject
Project("{9A19103F-16F7-4668-BE54-9A1E7A4F7556}") = "Horker.Numerics.LightGBM", "Horker.Numerics.LightGBM\Horker.Numerics.LightGBM.csproj", "{D5068587-B2FF-44C8-A990-78755700A360}"
EndProject
Project("{9A19103F-16F7-4668-BE54-9A1E7A4F7556}") = "Horker.Numerics.Tests", "Horker.Numerics.Tests\Horker.Numerics.Tests.csproj", "{4FFFC66B-DAB3-4B33-97C8-34A4257B01F3}"
EndProject
Project("{9A19103F-16F7-4668-BE54-9A1E7A4F7556}") = "Horker.Numerics.LightGBM.Tests", "Horker.Numerics.LightGBM.Tests\Horker.Numerics.LightGBM.Tests.csproj", "{90079636-B46C-4B0E-BC72-E03AF360FA89}"
EndProject
Project("{9A19103F-16F7-4668-BE54-9A1E7A4F7556}") = "Horker.MxNet.PowerShell", "Horker.MxNet.PowerShell\Horker.MxNet.PowerShell.csproj", "{F0BE4F42-0514-42D4-964E-6BB1E9C97EA2}"
EndProject
Project("{FAE04EC0-301F-11D3-BF4B-00C04F79EFBC}") = "Horker.MxNet.PowerShell.Tests", "Horker.MxNet.PowerShell.Tests\Horker.MxNet.PowerShell.Tests.csproj", "{36CB88F1-BAF5-40E5-A4DC-7B3A0C25103D}"
EndProject
Global
	GlobalSection(SolutionConfigurationPlatforms) = preSolution
		Debug|Any CPU = Debug|Any CPU
		Debug|x64 = Debug|x64
		Release|Any CPU = Release|Any CPU
		Release|x64 = Release|x64
	EndGlobalSection
	GlobalSection(ProjectConfigurationPlatforms) = postSolution
		{96CEC536-B6AA-4DA1-AE67-863B0987BAE0}.Debug|Any CPU.ActiveCfg = Debug|Any CPU
		{96CEC536-B6AA-4DA1-AE67-863B0987BAE0}.Debug|Any CPU.Build.0 = Debug|Any CPU
		{96CEC536-B6AA-4DA1-AE67-863B0987BAE0}.Debug|x64.ActiveCfg = Debug|x64
		{96CEC536-B6AA-4DA1-AE67-863B0987BAE0}.Debug|x64.Build.0 = Debug|x64
		{96CEC536-B6AA-4DA1-AE67-863B0987BAE0}.Release|Any CPU.ActiveCfg = Release|Any CPU
		{96CEC536-B6AA-4DA1-AE67-863B0987BAE0}.Release|Any CPU.Build.0 = Release|Any CPU
		{96CEC536-B6AA-4DA1-AE67-863B0987BAE0}.Release|x64.ActiveCfg = Release|x64
		{96CEC536-B6AA-4DA1-AE67-863B0987BAE0}.Release|x64.Build.0 = Release|x64
		{3F59B2A6-BB3D-4E71-80B2-4BFD6A585C61}.Debug|Any CPU.ActiveCfg = Debug|Any CPU
		{3F59B2A6-BB3D-4E71-80B2-4BFD6A585C61}.Debug|Any CPU.Build.0 = Debug|Any CPU
		{3F59B2A6-BB3D-4E71-80B2-4BFD6A585C61}.Debug|x64.ActiveCfg = Debug|x64
		{3F59B2A6-BB3D-4E71-80B2-4BFD6A585C61}.Debug|x64.Build.0 = Debug|x64
		{3F59B2A6-BB3D-4E71-80B2-4BFD6A585C61}.Release|Any CPU.ActiveCfg = Release|Any CPU
		{3F59B2A6-BB3D-4E71-80B2-4BFD6A585C61}.Release|Any CPU.Build.0 = Release|Any CPU
		{3F59B2A6-BB3D-4E71-80B2-4BFD6A585C61}.Release|x64.ActiveCfg = Release|x64
		{3F59B2A6-BB3D-4E71-80B2-4BFD6A585C61}.Release|x64.Build.0 = Release|x64
		{D5068587-B2FF-44C8-A990-78755700A360}.Debug|Any CPU.ActiveCfg = Debug|Any CPU
		{D5068587-B2FF-44C8-A990-78755700A360}.Debug|Any CPU.Build.0 = Debug|Any CPU
		{D5068587-B2FF-44C8-A990-78755700A360}.Debug|x64.ActiveCfg = Debug|x64
		{D5068587-B2FF-44C8-A990-78755700A360}.Debug|x64.Build.0 = Debug|x64
		{D5068587-B2FF-44C8-A990-78755700A360}.Release|Any CPU.ActiveCfg = Release|Any CPU
		{D5068587-B2FF-44C8-A990-78755700A360}.Release|Any CPU.Build.0 = Release|Any CPU
		{D5068587-B2FF-44C8-A990-78755700A360}.Release|x64.ActiveCfg = Release|x64
		{D5068587-B2FF-44C8-A990-78755700A360}.Release|x64.Build.0 = Release|x64
		{4FFFC66B-DAB3-4B33-97C8-34A4257B01F3}.Debug|Any CPU.ActiveCfg = Debug|Any CPU
		{4FFFC66B-DAB3-4B33-97C8-34A4257B01F3}.Debug|Any CPU.Build.0 = Debug|Any CPU
		{4FFFC66B-DAB3-4B33-97C8-34A4257B01F3}.Debug|x64.ActiveCfg = Debug|x64
		{4FFFC66B-DAB3-4B33-97C8-34A4257B01F3}.Debug|x64.Build.0 = Debug|x64
		{4FFFC66B-DAB3-4B33-97C8-34A4257B01F3}.Release|Any CPU.ActiveCfg = Release|Any CPU
		{4FFFC66B-DAB3-4B33-97C8-34A4257B01F3}.Release|Any CPU.Build.0 = Release|Any CPU
		{4FFFC66B-DAB3-4B33-97C8-34A4257B01F3}.Release|x64.ActiveCfg = Release|x64
		{4FFFC66B-DAB3-4B33-97C8-34A4257B01F3}.Release|x64.Build.0 = Release|x64
		{90079636-B46C-4B0E-BC72-E03AF360FA89}.Debug|Any CPU.ActiveCfg = Debug|Any CPU
		{90079636-B46C-4B0E-BC72-E03AF360FA89}.Debug|Any CPU.Build.0 = Debug|Any CPU
		{90079636-B46C-4B0E-BC72-E03AF360FA89}.Debug|x64.ActiveCfg = Debug|x64
		{90079636-B46C-4B0E-BC72-E03AF360FA89}.Debug|x64.Build.0 = Debug|x64
		{90079636-B46C-4B0E-BC72-E03AF360FA89}.Release|Any CPU.ActiveCfg = Release|Any CPU
		{90079636-B46C-4B0E-BC72-E03AF360FA89}.Release|Any CPU.Build.0 = Release|Any CPU
		{90079636-B46C-4B0E-BC72-E03AF360FA89}.Release|x64.ActiveCfg = Release|x64
		{90079636-B46C-4B0E-BC72-E03AF360FA89}.Release|x64.Build.0 = Release|x64
		{F0BE4F42-0514-42D4-964E-6BB1E9C97EA2}.Debug|Any CPU.ActiveCfg = Debug|Any CPU
		{F0BE4F42-0514-42D4-964E-6BB1E9C97EA2}.Debug|Any CPU.Build.0 = Debug|Any CPU
		{F0BE4F42-0514-42D4-964E-6BB1E9C97EA2}.Debug|x64.ActiveCfg = Debug|Any CPU
		{F0BE4F42-0514-42D4-964E-6BB1E9C97EA2}.Debug|x64.Build.0 = Debug|Any CPU
		{F0BE4F42-0514-42D4-964E-6BB1E9C97EA2}.Release|Any CPU.ActiveCfg = Release|Any CPU
		{F0BE4F42-0514-42D4-964E-6BB1E9C97EA2}.Release|Any CPU.Build.0 = Release|Any CPU
		{F0BE4F42-0514-42D4-964E-6BB1E9C97EA2}.Release|x64.ActiveCfg = Release|x64
		{F0BE4F42-0514-42D4-964E-6BB1E9C97EA2}.Release|x64.Build.0 = Release|x64
		{36CB88F1-BAF5-40E5-A4DC-7B3A0C25103D}.Debug|Any CPU.ActiveCfg = Debug|Any CPU
		{36CB88F1-BAF5-40E5-A4DC-7B3A0C25103D}.Debug|Any CPU.Build.0 = Debug|Any CPU
		{36CB88F1-BAF5-40E5-A4DC-7B3A0C25103D}.Debug|x64.ActiveCfg = Debug|x64
		{36CB88F1-BAF5-40E5-A4DC-7B3A0C25103D}.Debug|x64.Build.0 = Debug|x64
		{36CB88F1-BAF5-40E5-A4DC-7B3A0C25103D}.Release|Any CPU.ActiveCfg = Release|Any CPU
		{36CB88F1-BAF5-40E5-A4DC-7B3A0C25103D}.Release|Any CPU.Build.0 = Release|Any CPU
		{36CB88F1-BAF5-40E5-A4DC-7B3A0C25103D}.Release|x64.ActiveCfg = Release|x64
		{36CB88F1-BAF5-40E5-A4DC-7B3A0C25103D}.Release|x64.Build.0 = Release|x64
	EndGlobalSection
	GlobalSection(SolutionProperties) = preSolution
		HideSolutionNode = FALSE
	EndGlobalSection
	GlobalSection(ExtensibilityGlobals) = postSolution
		SolutionGuid = {80F9FFBC-AE63-4AD5-B0C3-75B31DBC4120}
	EndGlobalSection
EndGlobal
