
Microsoft Visual Studio Solution File, Format Version 12.00
# Visual Studio Version 16
VisualStudioVersion = 16.0.29215.179
MinimumVisualStudioVersion = 10.0.40219.1
Project("{FAE04EC0-301F-11D3-BF4B-00C04F79EFBC}") = "Horker.MXNet", "Horker.MXNet\Horker.MXNet.csproj", "{5DE0998E-7315-4A67-A390-16DE6D8435F1}"
EndProject
Project("{FAE04EC0-301F-11D3-BF4B-00C04F79EFBC}") = "Horker.MXNet.PowerShell", "Horker.MXNet.PowerShell\Horker.MXNet.PowerShell.csproj", "{884DEB8F-A5C6-47B4-A1C3-7D20CC36FF8C}"
EndProject
Project("{FAE04EC0-301F-11D3-BF4B-00C04F79EFBC}") = "Horker.MXNet.Tests", "Horker.MXNet.Tests\Horker.MXNet.Tests.csproj", "{B8668A4B-C76D-4E46-BAD5-67962D045596}"
EndProject
Project("{FAE04EC0-301F-11D3-BF4B-00C04F79EFBC}") = "OperatorCollector", "OperatorCollector\OperatorCollector.csproj", "{4C95860F-776F-479F-8596-5E9A8C4B267B}"
EndProject
Project("{9A19103F-16F7-4668-BE54-9A1E7A4F7556}") = "Horker.Numerics", "Horker.Numerics\Horker.Numerics.csproj", "{96CEC536-B6AA-4DA1-AE67-863B0987BAE0}"
EndProject
Project("{9A19103F-16F7-4668-BE54-9A1E7A4F7556}") = "Horker.Numerics.PowerShell", "Horker.Numerics.PowerShell\Horker.Numerics.PowerShell.csproj", "{3F59B2A6-BB3D-4E71-80B2-4BFD6A585C61}"
EndProject
Project("{9A19103F-16F7-4668-BE54-9A1E7A4F7556}") = "Horker.Numerics.LightGBM", "Horker.Numerics.LightGBM\Horker.Numerics.LightGBM.csproj", "{D5068587-B2FF-44C8-A990-78755700A360}"
EndProject
Project("{9A19103F-16F7-4668-BE54-9A1E7A4F7556}") = "Horker.Numerics.Tests", "Horker.Numerics.Tests\Horker.Numerics.Tests.csproj", "{4FFFC66B-DAB3-4B33-97C8-34A4257B01F3}"
EndProject
Project("{9A19103F-16F7-4668-BE54-9A1E7A4F7556}") = "Horker.Numerics.LightGBM.Tests", "Horker.Numerics.LightGBM.Tests\Horker.Numerics.LightGBM.Tests.csproj", "{90079636-B46C-4B0E-BC72-E03AF360FA89}"
EndProject
Global
	GlobalSection(SolutionConfigurationPlatforms) = preSolution
		Debug|Any CPU = Debug|Any CPU
		Debug|x64 = Debug|x64
		Release|Any CPU = Release|Any CPU
		Release|x64 = Release|x64
	EndGlobalSection
	GlobalSection(ProjectConfigurationPlatforms) = postSolution
		{5DE0998E-7315-4A67-A390-16DE6D8435F1}.Debug|Any CPU.ActiveCfg = Debug|Any CPU
		{5DE0998E-7315-4A67-A390-16DE6D8435F1}.Debug|Any CPU.Build.0 = Debug|Any CPU
		{5DE0998E-7315-4A67-A390-16DE6D8435F1}.Debug|x64.ActiveCfg = Debug|x64
		{5DE0998E-7315-4A67-A390-16DE6D8435F1}.Debug|x64.Build.0 = Debug|x64
		{5DE0998E-7315-4A67-A390-16DE6D8435F1}.Release|Any CPU.ActiveCfg = Release|Any CPU
		{5DE0998E-7315-4A67-A390-16DE6D8435F1}.Release|Any CPU.Build.0 = Release|Any CPU
		{5DE0998E-7315-4A67-A390-16DE6D8435F1}.Release|x64.ActiveCfg = Release|x64
		{5DE0998E-7315-4A67-A390-16DE6D8435F1}.Release|x64.Build.0 = Release|x64
		{884DEB8F-A5C6-47B4-A1C3-7D20CC36FF8C}.Debug|Any CPU.ActiveCfg = Debug|Any CPU
		{884DEB8F-A5C6-47B4-A1C3-7D20CC36FF8C}.Debug|Any CPU.Build.0 = Debug|Any CPU
		{884DEB8F-A5C6-47B4-A1C3-7D20CC36FF8C}.Debug|x64.ActiveCfg = Debug|x64
		{884DEB8F-A5C6-47B4-A1C3-7D20CC36FF8C}.Debug|x64.Build.0 = Debug|x64
		{884DEB8F-A5C6-47B4-A1C3-7D20CC36FF8C}.Release|Any CPU.ActiveCfg = Release|Any CPU
		{884DEB8F-A5C6-47B4-A1C3-7D20CC36FF8C}.Release|Any CPU.Build.0 = Release|Any CPU
		{884DEB8F-A5C6-47B4-A1C3-7D20CC36FF8C}.Release|x64.ActiveCfg = Release|x64
		{884DEB8F-A5C6-47B4-A1C3-7D20CC36FF8C}.Release|x64.Build.0 = Release|x64
		{B8668A4B-C76D-4E46-BAD5-67962D045596}.Debug|Any CPU.ActiveCfg = Debug|Any CPU
		{B8668A4B-C76D-4E46-BAD5-67962D045596}.Debug|Any CPU.Build.0 = Debug|Any CPU
		{B8668A4B-C76D-4E46-BAD5-67962D045596}.Debug|x64.ActiveCfg = Debug|x64
		{B8668A4B-C76D-4E46-BAD5-67962D045596}.Debug|x64.Build.0 = Debug|x64
		{B8668A4B-C76D-4E46-BAD5-67962D045596}.Release|Any CPU.ActiveCfg = Release|Any CPU
		{B8668A4B-C76D-4E46-BAD5-67962D045596}.Release|Any CPU.Build.0 = Release|Any CPU
		{B8668A4B-C76D-4E46-BAD5-67962D045596}.Release|x64.ActiveCfg = Release|x64
		{B8668A4B-C76D-4E46-BAD5-67962D045596}.Release|x64.Build.0 = Release|x64
		{4C95860F-776F-479F-8596-5E9A8C4B267B}.Debug|Any CPU.ActiveCfg = Debug|Any CPU
		{4C95860F-776F-479F-8596-5E9A8C4B267B}.Debug|Any CPU.Build.0 = Debug|Any CPU
		{4C95860F-776F-479F-8596-5E9A8C4B267B}.Debug|x64.ActiveCfg = Debug|x64
		{4C95860F-776F-479F-8596-5E9A8C4B267B}.Debug|x64.Build.0 = Debug|x64
		{4C95860F-776F-479F-8596-5E9A8C4B267B}.Release|Any CPU.ActiveCfg = Release|Any CPU
		{4C95860F-776F-479F-8596-5E9A8C4B267B}.Release|Any CPU.Build.0 = Release|Any CPU
		{4C95860F-776F-479F-8596-5E9A8C4B267B}.Release|x64.ActiveCfg = Release|x64
		{4C95860F-776F-479F-8596-5E9A8C4B267B}.Release|x64.Build.0 = Release|x64
		{96CEC536-B6AA-4DA1-AE67-863B0987BAE0}.Debug|Any CPU.ActiveCfg = Debug|Any CPU
		{96CEC536-B6AA-4DA1-AE67-863B0987BAE0}.Debug|Any CPU.Build.0 = Debug|Any CPU
		{96CEC536-B6AA-4DA1-AE67-863B0987BAE0}.Debug|x64.ActiveCfg = Debug|x64
		{96CEC536-B6AA-4DA1-AE67-863B0987BAE0}.Debug|x64.Build.0 = Debug|x64
		{96CEC536-B6AA-4DA1-AE67-863B0987BAE0}.Release|Any CPU.ActiveCfg = Release|Any CPU
		{96CEC536-B6AA-4DA1-AE67-863B0987BAE0}.Release|Any CPU.Build.0 = Release|Any CPU
		{96CEC536-B6AA-4DA1-AE67-863B0987BAE0}.Release|x64.ActiveCfg = Release|x64
		{96CEC536-B6AA-4DA1-AE67-863B0987BAE0}.Release|x64.Build.0 = Release|x64
		{3F59B2A6-BB3D-4E71-80B2-4BFD6A585C61}.Debug|Any CPU.ActiveCfg = Debug|Any CPU
		{3F59B2A6-BB3D-4E71-80B2-4BFD6A585C61}.Debug|Any CPU.Build.0 = Debug|Any CPU
		{3F59B2A6-BB3D-4E71-80B2-4BFD6A585C61}.Debug|x64.ActiveCfg = Debug|x64
		{3F59B2A6-BB3D-4E71-80B2-4BFD6A585C61}.Debug|x64.Build.0 = Debug|x64
		{3F59B2A6-BB3D-4E71-80B2-4BFD6A585C61}.Release|Any CPU.ActiveCfg = Release|Any CPU
		{3F59B2A6-BB3D-4E71-80B2-4BFD6A585C61}.Release|Any CPU.Build.0 = Release|Any CPU
		{3F59B2A6-BB3D-4E71-80B2-4BFD6A585C61}.Release|x64.ActiveCfg = Release|x64
		{3F59B2A6-BB3D-4E71-80B2-4BFD6A585C61}.Release|x64.Build.0 = Release|x64
		{D5068587-B2FF-44C8-A990-78755700A360}.Debug|Any CPU.ActiveCfg = Debug|Any CPU
		{D5068587-B2FF-44C8-A990-78755700A360}.Debug|Any CPU.Build.0 = Debug|Any CPU
		{D5068587-B2FF-44C8-A990-78755700A360}.Debug|x64.ActiveCfg = Debug|x64
		{D5068587-B2FF-44C8-A990-78755700A360}.Debug|x64.Build.0 = Debug|x64
		{D5068587-B2FF-44C8-A990-78755700A360}.Release|Any CPU.ActiveCfg = Release|Any CPU
		{D5068587-B2FF-44C8-A990-78755700A360}.Release|Any CPU.Build.0 = Release|Any CPU
		{D5068587-B2FF-44C8-A990-78755700A360}.Release|x64.ActiveCfg = Release|x64
		{D5068587-B2FF-44C8-A990-78755700A360}.Release|x64.Build.0 = Release|x64
		{4FFFC66B-DAB3-4B33-97C8-34A4257B01F3}.Debug|Any CPU.ActiveCfg = Debug|Any CPU
		{4FFFC66B-DAB3-4B33-97C8-34A4257B01F3}.Debug|Any CPU.Build.0 = Debug|Any CPU
		{4FFFC66B-DAB3-4B33-97C8-34A4257B01F3}.Debug|x64.ActiveCfg = Debug|x64
		{4FFFC66B-DAB3-4B33-97C8-34A4257B01F3}.Debug|x64.Build.0 = Debug|x64
		{4FFFC66B-DAB3-4B33-97C8-34A4257B01F3}.Release|Any CPU.ActiveCfg = Release|Any CPU
		{4FFFC66B-DAB3-4B33-97C8-34A4257B01F3}.Release|Any CPU.Build.0 = Release|Any CPU
		{4FFFC66B-DAB3-4B33-97C8-34A4257B01F3}.Release|x64.ActiveCfg = Release|x64
		{4FFFC66B-DAB3-4B33-97C8-34A4257B01F3}.Release|x64.Build.0 = Release|x64
		{90079636-B46C-4B0E-BC72-E03AF360FA89}.Debug|Any CPU.ActiveCfg = Debug|Any CPU
		{90079636-B46C-4B0E-BC72-E03AF360FA89}.Debug|Any CPU.Build.0 = Debug|Any CPU
		{90079636-B46C-4B0E-BC72-E03AF360FA89}.Debug|x64.ActiveCfg = Debug|x64
		{90079636-B46C-4B0E-BC72-E03AF360FA89}.Debug|x64.Build.0 = Debug|x64
		{90079636-B46C-4B0E-BC72-E03AF360FA89}.Release|Any CPU.ActiveCfg = Release|Any CPU
		{90079636-B46C-4B0E-BC72-E03AF360FA89}.Release|Any CPU.Build.0 = Release|Any CPU
		{90079636-B46C-4B0E-BC72-E03AF360FA89}.Release|x64.ActiveCfg = Release|x64
		{90079636-B46C-4B0E-BC72-E03AF360FA89}.Release|x64.Build.0 = Release|x64
	EndGlobalSection
	GlobalSection(SolutionProperties) = preSolution
		HideSolutionNode = FALSE
	EndGlobalSection
	GlobalSection(ExtensibilityGlobals) = postSolution
		SolutionGuid = {80F9FFBC-AE63-4AD5-B0C3-75B31DBC4120}
	EndGlobalSection
EndGlobal
